github.com/pkg/term v0.0.0-20200520122047-c3ffed290a03 h1:pd4YKIqCB0U7O2I4gWHgEUA2mCEOENmco0l/bM957bU=
github.com/pkg/term v0.0.0-20200520122047-c3ffed290a03/go.mod h1:Z9+Ul5bCbBKnbCvdOWbLqTHhJiYV414CURZJba6L8qA=
golang.org/x/sys v0.0.0-20200620081246-981b61492c35 h1:wb/9mP8eUAmHfkM8RmpeLq6nUA7c2i5+bQOtcDftjaE=
golang.org/x/sys v0.0.0-20200620081246-981b61492c35/go.mod h1:h1NjWce9XRLGQEsW7wpKNCjG9DtNlClVuFLEZdDNbEs=
